uuid: 454ffbdf-de3a-4226-b4ed-fb45558c7d37
langcode: en
status: true
dependencies:
  module:
    - task2
  theme:
    - bartik
id: dataandtimeblock
theme: bartik
region: footer_first
weight: 0
provider: null
plugin: data_and_time_block
settings:
  id: data_and_time_block
  label: 'Data and Time block'
  provider: task2
  label_display: visible
visibility: {  }
